// !$*UTF8*$!
{
	archiveVersion = 1;
	classes = {
	};
	objectVersion = 50;
	objects = {

/* Begin PBXBuildFile section */
		3886730621B32CB2003E0F6B /* AppDelegate.swift in Sources */ = {isa = PBXBuildFile; fileRef = 3886730521B32CB2003E0F6B /* AppDelegate.swift */; };
		3886730821B32CB2003E0F6B /* ViewController.swift in Sources */ = {isa = PBXBuildFile; fileRef = 3886730721B32CB2003E0F6B /* ViewController.swift */; };
		3886730B21B32CB2003E0F6B /* Main.storyboard in Resources */ = {isa = PBXBuildFile; fileRef = 3886730921B32CB2003E0F6B /* Main.storyboard */; };
		3886730D21B32CB4003E0F6B /* Assets.xcassets in Resources */ = {isa = PBXBuildFile; fileRef = 3886730C21B32CB4003E0F6B /* Assets.xcassets */; };
		3886731021B32CB4003E0F6B /* LaunchScreen.storyboard in Resources */ = {isa = PBXBuildFile; fileRef = 3886730E21B32CB4003E0F6B /* LaunchScreen.storyboard */; };
		3886731B21B32CB4003E0F6B /* CalcTests.swift in Sources */ = {isa = PBXBuildFile; fileRef = 3886731A21B32CB4003E0F6B /* CalcTests.swift */; };
		3886732621B32CB4003E0F6B /* CalcUITests.swift in Sources */ = {isa = PBXBuildFile; fileRef = 3886732521B32CB4003E0F6B /* CalcUITests.swift */; };
/* End PBXBuildFile section */

/* Begin PBXContainerItemProxy section */
		3886731721B32CB4003E0F6B /* PBXContainerItemProxy */ = {
			isa = PBXContainerItemProxy;
			containerPortal = 388672FA21B32CB2003E0F6B /* Project object */;
			proxyType = 1;
			remoteGlobalIDString = 3886730121B32CB2003E0F6B;
			remoteInfo = Calc;
		};
		3886732221B32CB4003E0F6B /* PBXContainerItemProxy */ = {
			isa = PBXContainerItemProxy;
			containerPortal = 388672FA21B32CB2003E0F6B /* Project object */;
			proxyType = 1;
			remoteGlobalIDString = 3886730121B32CB2003E0F6B;
			remoteInfo = Calc;
		};
/* End PBXContainerItemProxy section */

/* Begin PBXFileReference section */
		3886730221B32CB2003E0F6B /* Calc.app */ = {isa = PBXFileReference; explicitFileType = wrapper.application; includeInIndex = 0; path = Calc.app; sourceTree = BUILT_PRODUCTS_DIR; };
		3886730521B32CB2003E0F6B /* AppDelegate.swift */ = {isa = PBXFileReference; lastKnownFileType = sourcecode.swift; path = AppDelegate.swift; sourceTree = "<group>"; };
		3886730721B32CB2003E0F6B /* ViewController.swift */ = {isa = PBXFileReference; lastKnownFileType = sourcecode.swift; path = ViewController.swift; sourceTree = "<group>"; };
		3886730A21B32CB2003E0F6B /* Base */ = {isa = PBXFileReference; lastKnownFileType = file.storyboard; name = Base; path = Base.lproj/Main.storyboard; sourceTree = "<group>"; };
		3886730C21B32CB4003E0F6B /* Assets.xcassets */ = {isa = PBXFileReference; lastKnownFileType = folder.assetcatalog; path = Assets.xcassets; sourceTree = "<group>"; };
		3886730F21B32CB4003E0F6B /* Base */ = {isa = PBXFileReference; lastKnownFileType = file.storyboard; name = Base; path = Base.lproj/LaunchScreen.storyboard; sourceTree = "<group>"; };
		3886731121B32CB4003E0F6B /* Info.plist */ = {isa = PBXFileReference; lastKnownFileType = text.plist.xml; path = Info.plist; sourceTree = "<group>"; };
		3886731621B32CB4003E0F6B /* CalcTests.xctest */ = {isa = PBXFileReference; explicitFileType = wrapper.cfbundle; includeInIndex = 0; path = CalcTests.xctest; sourceTree = BUILT_PRODUCTS_DIR; };
		3886731A21B32CB4003E0F6B /* CalcTests.swift */ = {isa = PBXFileReference; lastKnownFileType = sourcecode.swift; path = CalcTests.swift; sourceTree = "<group>"; };
		3886731C21B32CB4003E0F6B /* Info.plist */ = {isa = PBXFileReference; lastKnownFileType = text.plist.xml; path = Info.plist; sourceTree = "<group>"; };
		3886732121B32CB4003E0F6B /* CalcUITests.xctest */ = {isa = PBXFileReference; explicitFileType = wrapper.cfbundle; includeInIndex = 0; path = CalcUITests.xctest; sourceTree = BUILT_PRODUCTS_DIR; };
		3886732521B32CB4003E0F6B /* CalcUITests.swift */ = {isa = PBXFileReference; lastKnownFileType = sourcecode.swift; path = CalcUITests.swift; sourceTree = "<group>"; };
		3886732721B32CB4003E0F6B /* Info.plist */ = {isa = PBXFileReference; lastKnownFileType = text.plist.xml; path = Info.plist; sourceTree = "<group>"; };
/* End PBXFileReference section */

/* Begin PBXFrameworksBuildPhase section */
		388672FF21B32CB2003E0F6B /* Frameworks */ = {
			isa = PBXFrameworksBuildPhase;
			buildActionMask = 2147483647;
			files = (
			);
			runOnlyForDeploymentPostprocessing = 0;
		};
		3886731321B32CB4003E0F6B /* Frameworks */ = {
			isa = PBXFrameworksBuildPhase;
			buildActionMask = 2147483647;
			files = (
			);
			runOnlyForDeploymentPostprocessing = 0;
		};
		3886731E21B32CB4003E0F6B /* Frameworks */ = {
			isa = PBXFrameworksBuildPhase;
			buildActionMask = 2147483647;
			files = (
			);
			runOnlyForDeploymentPostprocessing = 0;
		};
/* End PBXFrameworksBuildPhase section */

/* Begin PBXGroup section */
		388672F921B32CB2003E0F6B = {
			isa = PBXGroup;
			children = (
				3886730421B32CB2003E0F6B /* Calc */,
				3886731921B32CB4003E0F6B /* CalcTests */,
				3886732421B32CB4003E0F6B /* CalcUITests */,
				3886730321B32CB2003E0F6B /* Products */,
			);
			sourceTree = "<group>";
		};
		3886730321B32CB2003E0F6B /* Products */ = {
			isa = PBXGroup;
			children = (
				3886730221B32CB2003E0F6B /* Calc.app */,
				3886731621B32CB4003E0F6B /* CalcTests.xctest */,
				3886732121B32CB4003E0F6B /* CalcUITests.xctest */,
			);
			name = Products;
			sourceTree = "<group>";
		};
		3886730421B32CB2003E0F6B /* Calc */ = {
			isa = PBXGroup;
			children = (
				3886730521B32CB2003E0F6B /* AppDelegate.swift */,
				3886730721B32CB2003E0F6B /* ViewController.swift */,
				3886730921B32CB2003E0F6B /* Main.storyboard */,
				3886730C21B32CB4003E0F6B /* Assets.xcassets */,
				3886730E21B32CB4003E0F6B /* LaunchScreen.storyboard */,
				3886731121B32CB4003E0F6B /* Info.plist */,
			);
			path = Calc;
			sourceTree = "<group>";
		};
		3886731921B32CB4003E0F6B /* CalcTests */ = {
			isa = PBXGroup;
			children = (
				3886731A21B32CB4003E0F6B /* CalcTests.swift */,
				3886731C21B32CB4003E0F6B /* Info.plist */,
			);
			path = CalcTests;
			sourceTree = "<group>";
		};
		3886732421B32CB4003E0F6B /* CalcUITests */ = {
			isa = PBXGroup;
			children = (
				3886732521B32CB4003E0F6B /* CalcUITests.swift */,
				3886732721B32CB4003E0F6B /* Info.plist */,
			);
			path = CalcUITests;
			sourceTree = "<group>";
		};
/* End PBXGroup section */

/* Begin PBXNativeTarget section */
		3886730121B32CB2003E0F6B /* Calc */ = {
			isa = PBXNativeTarget;
			buildConfigurationList = 3886732A21B32CB4003E0F6B /* Build configuration list for PBXNativeTarget "Calc" */;
			buildPhases = (
				388672FE21B32CB2003E0F6B /* Sources */,
				388672FF21B32CB2003E0F6B /* Frameworks */,
				3886730021B32CB2003E0F6B /* Resources */,
			);
			buildRules = (
			);
			dependencies = (
			);
			name = Calc;
			productName = Calc;
			productReference = 3886730221B32CB2003E0F6B /* Calc.app */;
			productType = "com.apple.product-type.application";
		};
		3886731521B32CB4003E0F6B /* CalcTests */ = {
			isa = PBXNativeTarget;
			buildConfigurationList = 3886732D21B32CB4003E0F6B /* Build configuration list for PBXNativeTarget "CalcTests" */;
			buildPhases = (
				3886731221B32CB4003E0F6B /* Sources */,
				3886731321B32CB4003E0F6B /* Frameworks */,
				3886731421B32CB4003E0F6B /* Resources */,
			);
			buildRules = (
			);
			dependencies = (
				3886731821B32CB4003E0F6B /* PBXTargetDependency */,
			);
			name = CalcTests;
			productName = CalcTests;
			productReference = 3886731621B32CB4003E0F6B /* CalcTests.xctest */;
			productType = "com.apple.product-type.bundle.unit-test";
		};
		3886732021B32CB4003E0F6B /* CalcUITests */ = {
			isa = PBXNativeTarget;
			buildConfigurationList = 3886733021B32CB4003E0F6B /* Build configuration list for PBXNativeTarget "CalcUITests" */;
			buildPhases = (
				3886731D21B32CB4003E0F6B /* Sources */,
				3886731E21B32CB4003E0F6B /* Frameworks */,
				3886731F21B32CB4003E0F6B /* Resources */,
			);
			buildRules = (
			);
			dependencies = (
				3886732321B32CB4003E0F6B /* PBXTargetDependency */,
			);
			name = CalcUITests;
			productName = CalcUITests;
			productReference = 3886732121B32CB4003E0F6B /* CalcUITests.xctest */;
			productType = "com.apple.product-type.bundle.ui-testing";
		};
/* End PBXNativeTarget section */

/* Begin PBXProject section */
		388672FA21B32CB2003E0F6B /* Project object */ = {
			isa = PBXProject;
			attributes = {
				LastSwiftUpdateCheck = 1010;
				LastUpgradeCheck = 1010;
				ORGANIZATIONNAME = Vesko;
				TargetAttributes = {
					3886730121B32CB2003E0F6B = {
						CreatedOnToolsVersion = 10.1;
					};
					3886731521B32CB4003E0F6B = {
						CreatedOnToolsVersion = 10.1;
						TestTargetID = 3886730121B32CB2003E0F6B;
					};
					3886732021B32CB4003E0F6B = {
						CreatedOnToolsVersion = 10.1;
						TestTargetID = 3886730121B32CB2003E0F6B;
					};
				};
			};
			buildConfigurationList = 388672FD21B32CB2003E0F6B /* Build configuration list for PBXProject "Calc" */;
			compatibilityVersion = "Xcode 9.3";
			developmentRegion = en;
			hasScannedForEncodings = 0;
			knownRegions = (
				en,
				Base,
			);
			mainGroup = 388672F921B32CB2003E0F6B;
			productRefGroup = 3886730321B32CB2003E0F6B /* Products */;
			projectDirPath = "";
			projectRoot = "";
			targets = (
				3886730121B32CB2003E0F6B /* Calc */,
				3886731521B32CB4003E0F6B /* CalcTests */,
				3886732021B32CB4003E0F6B /* CalcUITests */,
			);
		};
/* End PBXProject section */

/* Begin PBXResourcesBuildPhase section */
		3886730021B32CB2003E0F6B /* Resources */ = {
			isa = PBXResourcesBuildPhase;
			buildActionMask = 2147483647;
			files = (
				3886731021B32CB4003E0F6B /* LaunchScreen.storyboard in Resources */,
				3886730D21B32CB4003E0F6B /* Assets.xcassets in Resources */,
				3886730B21B32CB2003E0F6B /* Main.storyboard in Resources */,
			);
			runOnlyForDeploymentPostprocessing = 0;
		};
		3886731421B32CB4003E0F6B /* Resources */ = {
			isa = PBXResourcesBuildPhase;
			buildActionMask = 2147483647;
			files = (
			);
			runOnlyForDeploymentPostprocessing = 0;
		};
		3886731F21B32CB4003E0F6B /* Resources */ = {
			isa = PBXResourcesBuildPhase;
			buildActionMask = 2147483647;
			files = (
			);
			runOnlyForDeploymentPostprocessing = 0;
		};
/* End PBXResourcesBuildPhase section */

/* Begin PBXSourcesBuildPhase section */
		388672FE21B32CB2003E0F6B /* Sources */ = {
			isa = PBXSourcesBuildPhase;
			buildActionMask = 2147483647;
			files = (
				3886730821B32CB2003E0F6B /* ViewController.swift in Sources */,
				3886730621B32CB2003E0F6B /* AppDelegate.swift in Sources */,
			);
			runOnlyForDeploymentPostprocessing = 0;
		};
		3886731221B32CB4003E0F6B /* Sources */ = {
			isa = PBXSourcesBuildPhase;
			buildActionMask = 2147483647;
			files = (
				3886731B21B32CB4003E0F6B /* CalcTests.swift in Sources */,
			);
			runOnlyForDeploymentPostprocessing = 0;
		};
		3886731D21B32CB4003E0F6B /* Sources */ = {
			isa = PBXSourcesBuildPhase;
			buildActionMask = 2147483647;
			files = (
				3886732621B32CB4003E0F6B /* CalcUITests.swift in Sources */,
			);
			runOnlyForDeploymentPostprocessing = 0;
		};
/* End PBXSourcesBuildPhase section */

/* Begin PBXTargetDependency section */
		3886731821B32CB4003E0F6B /* PBXTargetDependency */ = {
			isa = PBXTargetDependency;
			target = 3886730121B32CB2003E0F6B /* Calc */;
			targetProxy = 3886731721B32CB4003E0F6B /* PBXContainerItemProxy */;
		};
		3886732321B32CB4003E0F6B /* PBXTargetDependency */ = {
			isa = PBXTargetDependency;
			target = 3886730121B32CB2003E0F6B /* Calc */;
			targetProxy = 3886732221B32CB4003E0F6B /* PBXContainerItemProxy */;
		};
/* End PBXTargetDependency section */

/* Begin PBXVariantGroup section */
		3886730921B32CB2003E0F6B /* Main.storyboard */ = {
			isa = PBXVariantGroup;
			children = (
				3886730A21B32CB2003E0F6B /* Base */,
			);
			name = Main.storyboard;
			sourceTree = "<group>";
		};
		3886730E21B32CB4003E0F6B /* LaunchScreen.storyboard */ = {
			isa = PBXVariantGroup;
			children = (
				3886730F21B32CB4003E0F6B /* Base */,
			);
			name = LaunchScreen.storyboard;
			sourceTree = "<group>";
		};
/* End PBXVariantGroup section */

/* Begin XCBuildConfiguration section */
		3886732821B32CB4003E0F6B /* Debug */ = {
			isa = XCBuildConfiguration;
			buildSettings = {
				ALWAYS_SEARCH_USER_PATHS = NO;
				CLANG_ANALYZER_NONNULL = YES;
				CLANG_ANALYZER_NUMBER_OBJECT_CONVERSION = YES_AGGRESSIVE;
				CLANG_CXX_LANGUAGE_STANDARD = "gnu++14";
				CLANG_CXX_LIBRARY = "libc++";
				CLANG_ENABLE_MODULES = YES;
				CLANG_ENABLE_OBJC_ARC = YES;
				CLANG_ENABLE_OBJC_WEAK = YES;
				CLANG_WARN_BLOCK_CAPTURE_AUTORELEASING = YES;
				CLANG_WARN_BOOL_CONVERSION = YES;
				CLANG_WARN_COMMA = YES;
				CLANG_WARN_CONSTANT_CONVERSION = YES;
				CLANG_WARN_DEPRECATED_OBJC_IMPLEMENTATIONS = YES;
				CLANG_WARN_DIRECT_OBJC_ISA_USAGE = YES_ERROR;
				CLANG_WARN_DOCUMENTATION_COMMENTS = YES;
				CLANG_WARN_EMPTY_BODY = YES;
				CLANG_WARN_ENUM_CONVERSION = YES;
				CLANG_WARN_INFINITE_RECURSION = YES;
				CLANG_WARN_INT_CONVERSION = YES;
				CLANG_WARN_NON_LITERAL_NULL_CONVERSION = YES;
				CLANG_WARN_OBJC_IMPLICIT_RETAIN_SELF = YES;
				CLANG_WARN_OBJC_LITERAL_CONVERSION = YES;
				CLANG_WARN_OBJC_ROOT_CLASS = YES_ERROR;
				CLANG_WARN_RANGE_LOOP_ANALYSIS = YES;
				CLANG_WARN_STRICT_PROTOTYPES = YES;
				CLANG_WARN_SUSPICIOUS_MOVE = YES;
				CLANG_WARN_UNGUARDED_AVAILABILITY = YES_AGGRESSIVE;
				CLANG_WARN_UNREACHABLE_CODE = YES;
				CLANG_WARN__DUPLICATE_METHOD_MATCH = YES;
				CODE_SIGN_IDENTITY = "iPhone Developer";
				COPY_PHASE_STRIP = NO;
				DEBUG_INFORMATION_FORMAT = dwarf;
				ENABLE_STRICT_OBJC_MSGSEND = YES;
				ENABLE_TESTABILITY = YES;
				GCC_C_LANGUAGE_STANDARD = gnu11;
				GCC_DYNAMIC_NO_PIC = NO;
				GCC_NO_COMMON_BLOCKS = YES;
				GCC_OPTIMIZATION_LEVEL = 0;
				GCC_PREPROCESSOR_DEFINITIONS = (
					"DEBUG=1",
					"$(inherited)",
				);
				GCC_WARN_64_TO_32_BIT_CONVERSION = YES;
				GCC_WARN_ABOUT_RETURN_TYPE = YES_ERROR;
				GCC_WARN_UNDECLARED_SELECTOR = YES;
				GCC_WARN_UNINITIALIZED_AUTOS = YES_AGGRESSIVE;
				GCC_WARN_UNUSED_FUNCTION = YES;
				GCC_WARN_UNUSED_VARIABLE = YES;
				IPHONEOS_DEPLOYMENT_TARGET = 12.1;
				MTL_ENABLE_DEBUG_INFO = INCLUDE_SOURCE;
				MTL_FAST_MATH = YES;
				ONLY_ACTIVE_ARCH = YES;
				SDKROOT = iphoneos;
				SWIFT_ACTIVE_COMPILATION_CONDITIONS = DEBUG;
				SWIFT_OPTIMIZATION_LEVEL = "-Onone";
			};
			name = Debug;
		};
		3886732921B32CB4003E0F6B /* Release */ = {
			isa = XCBuildConfiguration;
			buildSettings = {
				ALWAYS_SEARCH_USER_PATHS = NO;
				CLANG_ANALYZER_NONNULL = YES;
				CLANG_ANALYZER_NUMBER_OBJECT_CONVERSION = YES_AGGRESSIVE;
				CLANG_CXX_LANGUAGE_STANDARD = "gnu++14";
				CLANG_CXX_LIBRARY = "libc++";
				CLANG_ENABLE_MODULES = YES;
				CLANG_ENABLE_OBJC_ARC = YES;
				CLANG_ENABLE_OBJC_WEAK = YES;
				CLANG_WARN_BLOCK_CAPTURE_AUTORELEASING = YES;
				CLANG_WARN_BOOL_CONVERSION = YES;
				CLANG_WARN_COMMA = YES;
				CLANG_WARN_CONSTANT_CONVERSION = YES;
				CLANG_WARN_DEPRECATED_OBJC_IMPLEMENTATIONS = YES;
				CLANG_WARN_DIRECT_OBJC_ISA_USAGE = YES_ERROR;
				CLANG_WARN_DOCUMENTATION_COMMENTS = YES;
				CLANG_WARN_EMPTY_BODY = YES;
				CLANG_WARN_ENUM_CONVERSION = YES;
				CLANG_WARN_INFINITE_RECURSION = YES;
				CLANG_WARN_INT_CONVERSION = YES;
				CLANG_WARN_NON_LITERAL_NULL_CONVERSION = YES;
				CLANG_WARN_OBJC_IMPLICIT_RETAIN_SELF = YES;
				CLANG_WARN_OBJC_LITERAL_CONVERSION = YES;
				CLANG_WARN_OBJC_ROOT_CLASS = YES_ERROR;
				CLANG_WARN_RANGE_LOOP_ANALYSIS = YES;
				CLANG_WARN_STRICT_PROTOTYPES = YES;
				CLANG_WARN_SUSPICIOUS_MOVE = YES;
				CLANG_WARN_UNGUARDED_AVAILABILITY = YES_AGGRESSIVE;
				CLANG_WARN_UNREACHABLE_CODE = YES;
				CLANG_WARN__DUPLICATE_METHOD_MATCH = YES;
				CODE_SIGN_IDENTITY = "iPhone Developer";
				COPY_PHASE_STRIP = NO;
				DEBUG_INFORMATION_FORMAT = "dwarf-with-dsym";
				ENABLE_NS_ASSERTIONS = NO;
				ENABLE_STRICT_OBJC_MSGSEND = YES;
				GCC_C_LANGUAGE_STANDARD = gnu11;
				GCC_NO_COMMON_BLOCKS = YES;
				GCC_WARN_64_TO_32_BIT_CONVERSION = YES;
				GCC_WARN_ABOUT_RETURN_TYPE = YES_ERROR;
				GCC_WARN_UNDECLARED_SELECTOR = YES;
				GCC_WARN_UNINITIALIZED_AUTOS = YES_AGGRESSIVE;
				GCC_WARN_UNUSED_FUNCTION = YES;
				GCC_WARN_UNUSED_VARIABLE = YES;
				IPHONEOS_DEPLOYMENT_TARGET = 12.1;
				MTL_ENABLE_DEBUG_INFO = NO;
				MTL_FAST_MATH = YES;
				SDKROOT = iphoneos;
				SWIFT_COMPILATION_MODE = wholemodule;
				SWIFT_OPTIMIZATION_LEVEL = "-O";
				VALIDATE_PRODUCT = YES;
			};
			name = Release;
		};
		3886732B21B32CB4003E0F6B /* Debug */ = {
			isa = XCBuildConfiguration;
			buildSettings = {
				ASSETCATALOG_COMPILER_APPICON_NAME = AppIcon;
				CODE_SIGN_STYLE = Automatic;
				DEVELOPMENT_TEAM = 3E9N848MSD;
				INFOPLIST_FILE = Calc/Info.plist;
				LD_RUNPATH_SEARCH_PATHS = (
					"$(inherited)",
					"@executable_path/Frameworks",
				);
				PRODUCT_BUNDLE_IDENTIFIER = PlayKid.Calc;
				PRODUCT_NAME = "$(TARGET_NAME)";
				SWIFT_VERSION = 4.2;
				TARGETED_DEVICE_FAMILY = "1,2";
			};
			name = Debug;
		};
		3886732C21B32CB4003E0F6B /* Release */ = {
			isa = XCBuildConfiguration;
			buildSettings = {
				ASSETCATALOG_COMPILER_APPICON_NAME = AppIcon;
				CODE_SIGN_STYLE = Automatic;
				DEVELOPMENT_TEAM = 3E9N848MSD;
				INFOPLIST_FILE = Calc/Info.plist;
				LD_RUNPATH_SEARCH_PATHS = (
					"$(inherited)",
					"@executable_path/Frameworks",
				);
				PRODUCT_BUNDLE_IDENTIFIER = PlayKid.Calc;
				PRODUCT_NAME = "$(TARGET_NAME)";
				SWIFT_VERSION = 4.2;
				TARGETED_DEVICE_FAMILY = "1,2";
			};
			name = Release;
		};
		3886732E21B32CB4003E0F6B /* Debug */ = {
			isa = XCBuildConfiguration;
			buildSettings = {
				ALWAYS_EMBED_SWIFT_STANDARD_LIBRARIES = YES;
				BUNDLE_LOADER = "$(TEST_HOST)";
				CODE_SIGN_STYLE = Automatic;
				DEVELOPMENT_TEAM = 3E9N848MSD;
				INFOPLIST_FILE = CalcTests/Info.plist;
				LD_RUNPATH_SEARCH_PATHS = (
					"$(inherited)",
					"@executable_path/Frameworks",
					"@loader_path/Frameworks",
				);
				PRODUCT_BUNDLE_IDENTIFIER = PlayKid.CalcTests;
				PRODUCT_NAME = "$(TARGET_NAME)";
				SWIFT_VERSION = 4.2;
				TARGETED_DEVICE_FAMILY = "1,2";
				TEST_HOST = "$(BUILT_PRODUCTS_DIR)/Calc.app/Calc";
			};
			name = Debug;
		};
		3886732F21B32CB4003E0F6B /* Release */ = {
			isa = XCBuildConfiguration;
			buildSettings = {
				ALWAYS_EMBED_SWIFT_STANDARD_LIBRARIES = YES;
				BUNDLE_LOADER = "$(TEST_HOST)";
				CODE_SIGN_STYLE = Automatic;
				DEVELOPMENT_TEAM = 3E9N848MSD;
				INFOPLIST_FILE = CalcTests/Info.plist;
				LD_RUNPATH_SEARCH_PATHS = (
					"$(inherited)",
					"@executable_path/Frameworks",
					"@loader_path/Frameworks",
				);
				PRODUCT_BUNDLE_IDENTIFIER = PlayKid.CalcTests;
				PRODUCT_NAME = "$(TARGET_NAME)";
				SWIFT_VERSION = 4.2;
				TARGETED_DEVICE_FAMILY = "1,2";
				TEST_HOST = "$(BUILT_PRODUCTS_DIR)/Calc.app/Calc";
			};
			name = Release;
		};
		3886733121B32CB4003E0F6B /* Debug */ = {
			isa = XCBuildConfiguration;
			buildSettings = {
				ALWAYS_EMBED_SWIFT_STANDARD_LIBRARIES = YES;
				CODE_SIGN_STYLE = Automatic;
				DEVELOPMENT_TEAM = 3E9N848MSD;
				INFOPLIST_FILE = CalcUITests/Info.plist;
				LD_RUNPATH_SEARCH_PATHS = (
					"$(inherited)",
					"@executable_path/Frameworks",
					"@loader_path/Frameworks",
				);
				PRODUCT_BUNDLE_IDENTIFIER = PlayKid.CalcUITests;
				PRODUCT_NAME = "$(TARGET_NAME)";
				SWIFT_VERSION = 4.2;
				TARGETED_DEVICE_FAMILY = "1,2";
				TEST_TARGET_NAME = Calc;
			};
			name = Debug;
		};
		3886733221B32CB4003E0F6B /* Release */ = {
			isa = XCBuildConfiguration;
			buildSettings = {
				ALWAYS_EMBED_SWIFT_STANDARD_LIBRARIES = YES;
				CODE_SIGN_STYLE = Automatic;
				DEVELOPMENT_TEAM = 3E9N848MSD;
				INFOPLIST_FILE = CalcUITests/Info.plist;
				LD_RUNPATH_SEARCH_PATHS = (
					"$(inherited)",
					"@executable_path/Frameworks",
					"@loader_path/Frameworks",
				);
				PRODUCT_BUNDLE_IDENTIFIER = PlayKid.CalcUITests;
				PRODUCT_NAME = "$(TARGET_NAME)";
				SWIFT_VERSION = 4.2;
				TARGETED_DEVICE_FAMILY = "1,2";
				TEST_TARGET_NAME = Calc;
			};
			name = Release;
		};
/* End XCBuildConfiguration section */

/* Begin XCConfigurationList section */
		388672FD21B32CB2003E0F6B /* Build configuration list for PBXProject "Calc" */ = {
			isa = XCConfigurationList;
			buildConfigurations = (
				3886732821B32CB4003E0F6B /* Debug */,
				3886732921B32CB4003E0F6B /* Release */,
			);
			defaultConfigurationIsVisible = 0;
			defaultConfigurationName = Release;
		};
		3886732A21B32CB4003E0F6B /* Build configuration list for PBXNativeTarget "Calc" */ = {
			isa = XCConfigurationList;
			buildConfigurations = (
				3886732B21B32CB4003E0F6B /* Debug */,
				3886732C21B32CB4003E0F6B /* Release */,
			);
			defaultConfigurationIsVisible = 0;
			defaultConfigurationName = Release;
		};
		3886732D21B32CB4003E0F6B /* Build configuration list for PBXNativeTarget "CalcTests" */ = {
			isa = XCConfigurationList;
			buildConfigurations = (
				3886732E21B32CB4003E0F6B /* Debug */,
				3886732F21B32CB4003E0F6B /* Release */,
			);
			defaultConfigurationIsVisible = 0;
			defaultConfigurationName = Release;
		};
		3886733021B32CB4003E0F6B /* Build configuration list for PBXNativeTarget "CalcUITests" */ = {
			isa = XCConfigurationList;
			buildConfigurations = (
				3886733121B32CB4003E0F6B /* Debug */,
				3886733221B32CB4003E0F6B /* Release */,
			);
			defaultConfigurationIsVisible = 0;
			defaultConfigurationName = Release;
		};
/* End XCConfigurationList section */
	};
	rootObject = 388672FA21B32CB2003E0F6B /* Project object */;
}
